version = 1
revision = 2
requires-python = ">=3.12"

[[package]]
name = "maturin"
version = "1.9.0"
source = { registry = "https://pypi.org/simple" }
sdist = { url = "https://files.pythonhosted.org/packages/2a/3a/117a238e055c7d9de5a27619e09f2762830f3ea227f69e110d86e2ec5bd9/maturin-1.9.0.tar.gz", hash = "sha256:ccb9cb87f8df88d1bab8f49efe3fc77f0abb0639ea4b4ebf4f35549200d16b9e", size = 209543, upload-time = "2025-06-23T14:36:05.768Z" }
wheels = [
    { url = "https://files.pythonhosted.org/packages/b7/3f/3063ce9ace8fe33e02cc05209551a5a0d0af9b7990b14e063876ff149e82/maturin-1.9.0-py3-none-linux_armv6l.whl", hash = "sha256:18d77e395f62a0227697098526be6becb3ceea34a79f338b1b716fb96e42a1b2", size = 8130784, upload-time = "2025-06-23T14:35:35.813Z" },
    { url = "https://files.pythonhosted.org/packages/97/52/cb5491ad290002186af3bcb4768f7bb5c6c8d6917cf0a98b945533cd8c04/maturin-1.9.0-py3-none-macosx_10_12_x86_64.macosx_11_0_arm64.macosx_10_12_universal2.whl", hash = "sha256:33f046f52327b68c28203efe5ecc4fd1952b4d1fe34e65853092e3347a6a6fa0", size = 16082407, upload-time = "2025-06-23T14:35:39.584Z" },
    { url = "https://files.pythonhosted.org/packages/e1/9c/c6fd50c23875fc741651b2fedfffdf4f671cb74c46e66f365d1f9b861daf/maturin-1.9.0-py3-none-macosx_10_12_x86_64.whl", hash = "sha256:6b075f82dc87fa70d583b1fe909ac5e96f36ec2043721acb82f9d6757e860459", size = 8405709, upload-time = "2025-06-23T14:35:42.248Z" },
    { url = "https://files.pythonhosted.org/packages/c6/44/bf61ff9d3f0db8c5a868da55e7827e5fb1a82642705384bcc85bc9a1918f/maturin-1.9.0-py3-none-manylinux_2_12_i686.manylinux2010_i686.musllinux_1_1_i686.whl", hash = "sha256:c99003470cb37388a31152af4b00492c5db8d767f689a64f45eb5830adc6f3f4", size = 8152167, upload-time = "2025-06-23T14:35:45.013Z" },
    { url = "https://files.pythonhosted.org/packages/8e/99/634aa686a41f899b39300c28ecca756974609e65e80e7a1b7a77765bd070/maturin-1.9.0-py3-none-manylinux_2_12_x86_64.manylinux2010_x86_64.musllinux_1_1_x86_64.whl", hash = "sha256:35a506c3139d6847edd160f99fd0da7c7b2bbb4d53e0fef995479eed3a92ac37", size = 8808959, upload-time = "2025-06-23T14:35:47.099Z" },
    { url = "https://files.pythonhosted.org/packages/98/4d/4cfa79bad83d2722c47c058f0b527ac5f27c852845b9e79aca95e4fe09c5/maturin-1.9.0-py3-none-manylinux_2_17_aarch64.manylinux2014_aarch64.musllinux_1_1_aarch64.whl", hash = "sha256:a48d8917e60875a06ef36568c2c4a926b6e2681616a251cc50cbf0a5c8aa7428", size = 7911691, upload-time = "2025-06-23T14:35:49.768Z" },
    { url = "https://files.pythonhosted.org/packages/4d/8b/a9410f5ebccad93f86539ab2f77a7aabb9dd05396f9238125c946dc0798c/maturin-1.9.0-py3-none-manylinux_2_17_armv7l.manylinux2014_armv7l.musllinux_1_1_armv7l.whl", hash = "sha256:5a7a829b03415b7fcaaabeafb520a92cd32b6dd9e8d12e34c7cd7689d404e6a3", size = 7990238, upload-time = "2025-06-23T14:35:51.8Z" },
    { url = "https://files.pythonhosted.org/packages/13/8c/9dd88d5a30717a01793f81ad561b4e77316e0e6154f73e8b072b9ad3378e/maturin-1.9.0-py3-none-manylinux_2_17_ppc64le.manylinux2014_ppc64le.musllinux_1_1_ppc64le.whl", hash = "sha256:3aa8de021f91bd41918f4afd1b285e84e1b858e354b1de01597bb97a1b9820e1", size = 10134367, upload-time = "2025-06-23T14:35:54.288Z" },
    { url = "https://files.pythonhosted.org/packages/35/34/bb85f46570b4ff2e7bf0dfb8c7408855df811f15d0c1a22896a4699ac0ac/maturin-1.9.0-py3-none-manylinux_2_17_s390x.manylinux2014_s390x.whl", hash = "sha256:289d0c2925a8c8ba3ce058e7b691b1c274fd06e36a915232f4e07fa62266f9b6", size = 9001993, upload-time = "2025-06-23T14:35:56.692Z" },
    { url = "https://files.pythonhosted.org/packages/fd/c2/4fc7982061a0546ed6b1689120648a717de6de5ceb47fe4aa502d178ab49/maturin-1.9.0-py3-none-win32.whl", hash = "sha256:8634a6b7e4af491fea90441580f73d74fd92320cfc53ea06d06293ffa89430e5", size = 7268107, upload-time = "2025-06-23T14:35:58.938Z" },
    { url = "https://files.pythonhosted.org/packages/0e/44/b3236b2a3f6d26600cb3c81535c06c80fd80cbcdcf893648d8bb8660edbe/maturin-1.9.0-py3-none-win_amd64.whl", hash = "sha256:fb9796c1893d1e3cd9da9325ef3c63d54a5b0fe6183ddae4954b10c64a1ae5e3", size = 8309313, upload-time = "2025-06-23T14:36:01.07Z" },
    { url = "https://files.pythonhosted.org/packages/11/9b/5fd901fd60e82d9e4c90092b4912ba6b790c7976cc54c1c93b495dc138ee/maturin-1.9.0-py3-none-win_arm64.whl", hash = "sha256:7acbcf1ae9d3c26c2cceec08b4f58d37ac1a7df5f15b13328e3f80efb5b6c4de", size = 6989945, upload-time = "2025-06-23T14:36:04.24Z" },
]

[[package]]
name = "rust-with-python"
version = "0.1.0"
source = { virtual = "." }
dependencies = [
    { name = "maturin" },
]

[package.metadata]
requires-dist = [{ name = "maturin", specifier = ">=1.9.0" }]
